{
  "originHash" : "679262f5637f5d8afd665bd92c611bd5e71b9c999eeeebb4aee610141500bb0d",
  "pins" : [
    {
      "identity" : "async-http-client",
      "kind" : "remoteSourceControl",
      "location" : "https://github.com/swift-server/async-http-client.git",
      "state" : {
        "revision" : "0ae99db85b2b9d1e79b362bd31fd1ffe492f7c47",
        "version" : "1.21.2"
      }
    },
    {
      "identity" : "async-kit",
      "kind" : "remoteSourceControl",
      "location" : "https://github.com/vapor/async-kit.git",
      "state" : {
        "revision" : "7ece208cd401687641c88367a00e3ea2b04311f1",
        "version" : "1.19.0"
      }
    },
    {
      "identity" : "console-kit",
      "kind" : "remoteSourceControl",
      "location" : "https://github.com/vapor/console-kit.git",
      "state" : {
        "revision" : "9f7932f22ab6f64aafadc14491e694179b7d0f6f",
        "version" : "4.14.3"
      }
    },
    {
      "identity" : "galah",
      "kind" : "remoteSourceControl",
      "location" : "https://github.com/wabiverse/galah.git",
      "state" : {
        "revision" : "a90d086184e8e0fb3d32803b051acf75ff50d66d",
        "version" : "1.0.0"
      }
    },
    {
      "identity" : "metaversekit",
      "kind" : "remoteSourceControl",
      "location" : "https://github.com/wabiverse/MetaverseKit",
      "state" : {
        "revision" : "1532e878d0b27d756d06432586d577cb2351a268",
        "version" : "1.7.5"
      }
    },
    {
      "identity" : "metaversepythonframework",
      "kind" : "remoteSourceControl",
      "location" : "https://github.com/wabiverse/MetaversePythonFramework",
      "state" : {
        "revision" : "e2f4ba867b7e287a283a27a0005ab64deef14279",
        "version" : "3.11.7"
      }
    },
    {
      "identity" : "metaversevulkanframework",
      "kind" : "remoteSourceControl",
      "location" : "https://github.com/wabiverse/MetaverseVulkanFramework",
      "state" : {
        "revision" : "13c7061599c61a4959c558d8ec1836e5b32b640b",
        "version" : "1.26.2"
      }
    },
    {
      "identity" : "mqtt-nio",
      "kind" : "remoteSourceControl",
      "location" : "https://github.com/swift-server-community/mqtt-nio.git",
      "state" : {
        "branch" : "main",
        "revision" : "b56887ad83206c546d2415c5f255d74b255d160e"
      }
    },
    {
      "identity" : "multipart-kit",
      "kind" : "remoteSourceControl",
      "location" : "https://github.com/vapor/multipart-kit.git",
      "state" : {
        "revision" : "a31236f24bfd2ea2f520a74575881f6731d7ae68",
        "version" : "4.7.0"
      }
    },
    {
      "identity" : "pythonkit",
      "kind" : "remoteSourceControl",
      "location" : "https://github.com/pvieito/PythonKit.git",
      "state" : {
        "revision" : "43647b36cacb99558e57ef98e97ef598f91d1164",
        "version" : "0.5.0"
      }
    },
    {
      "identity" : "rainbow",
      "kind" : "remoteSourceControl",
      "location" : "https://github.com/onevcat/Rainbow.git",
      "state" : {
        "revision" : "626c3d4b6b55354b4af3aa309f998fae9b31a3d9",
        "version" : "3.2.0"
      }
    },
    {
      "identity" : "routing-kit",
      "kind" : "remoteSourceControl",
      "location" : "https://github.com/vapor/routing-kit.git",
      "state" : {
        "revision" : "8c9a227476555c55837e569be71944e02a056b72",
        "version" : "4.9.1"
      }
    },
    {
      "identity" : "swift-algorithms",
      "kind" : "remoteSourceControl",
      "location" : "https://github.com/apple/swift-algorithms.git",
      "state" : {
        "revision" : "f6919dfc309e7f1b56224378b11e28bab5bccc42",
        "version" : "1.2.0"
      }
    },
    {
      "identity" : "swift-argument-parser",
      "kind" : "remoteSourceControl",
      "location" : "https://github.com/apple/swift-argument-parser",
      "state" : {
        "revision" : "0fbc8848e389af3bb55c182bc19ca9d5dc2f255b",
        "version" : "1.4.0"
      }
    },
    {
      "identity" : "swift-atomics",
      "kind" : "remoteSourceControl",
      "location" : "https://github.com/apple/swift-atomics.git",
      "state" : {
        "revision" : "cd142fd2f64be2100422d658e7411e39489da985",
        "version" : "1.2.0"
      }
    },
    {
      "identity" : "swift-collections",
      "kind" : "remoteSourceControl",
      "location" : "https://github.com/apple/swift-collections.git",
      "state" : {
        "revision" : "3d2dc41a01f9e49d84f0a3925fb858bed64f702d",
        "version" : "1.1.2"
      }
    },
    {
      "identity" : "swift-crypto",
      "kind" : "remoteSourceControl",
      "location" : "https://github.com/apple/swift-crypto.git",
      "state" : {
        "revision" : "46072478ca365fe48370993833cb22de9b41567f",
        "version" : "3.5.2"
      }
    },
    {
      "identity" : "swift-http-types",
      "kind" : "remoteSourceControl",
      "location" : "https://github.com/apple/swift-http-types",
      "state" : {
        "revision" : "1ddbea1ee34354a6a2532c60f98501c35ae8edfa",
        "version" : "1.2.0"
      }
    },
    {
      "identity" : "swift-log",
      "kind" : "remoteSourceControl",
      "location" : "https://github.com/apple/swift-log.git",
      "state" : {
        "revision" : "9cb486020ebf03bfa5b5df985387a14a98744537",
        "version" : "1.6.1"
      }
    },
    {
      "identity" : "swift-macro-toolkit",
      "kind" : "remoteSourceControl",
      "location" : "https://github.com/stackotter/swift-macro-toolkit",
      "state" : {
        "revision" : "106daeb38eb3f52b1540aed981fc63fa22274576",
        "version" : "0.3.1"
      }
    },
    {
      "identity" : "swift-metrics",
      "kind" : "remoteSourceControl",
      "location" : "https://github.com/apple/swift-metrics.git",
      "state" : {
        "revision" : "e0165b53d49b413dd987526b641e05e246782685",
        "version" : "2.5.0"
      }
    },
    {
      "identity" : "swift-nio",
      "kind" : "remoteSourceControl",
      "location" : "https://github.com/apple/swift-nio.git",
      "state" : {
        "revision" : "fc79798d5a150d61361a27ce0c51169b889e23de",
        "version" : "2.68.0"
      }
    },
    {
      "identity" : "swift-nio-extras",
      "kind" : "remoteSourceControl",
      "location" : "https://github.com/apple/swift-nio-extras.git",
      "state" : {
        "revision" : "05c36b57453d23ea63785d58a7dbc7b70ba1745e",
        "version" : "1.23.0"
      }
    },
    {
      "identity" : "swift-nio-http2",
      "kind" : "remoteSourceControl",
      "location" : "https://github.com/apple/swift-nio-http2.git",
      "state" : {
        "revision" : "a0224f3d20438635dd59c9fcc593520d80d131d0",
        "version" : "1.33.0"
      }
    },
    {
      "identity" : "swift-nio-ssl",
      "kind" : "remoteSourceControl",
      "location" : "https://github.com/apple/swift-nio-ssl.git",
      "state" : {
        "revision" : "2b09805797f21c380f7dc9bedaab3157c5508efb",
        "version" : "2.27.0"
      }
    },
    {
      "identity" : "swift-nio-transport-services",
      "kind" : "remoteSourceControl",
      "location" : "https://github.com/apple/swift-nio-transport-services.git",
      "state" : {
        "revision" : "38ac8221dd20674682148d6451367f89c2652980",
        "version" : "1.21.0"
      }
    },
    {
      "identity" : "swift-numerics",
      "kind" : "remoteSourceControl",
      "location" : "https://github.com/apple/swift-numerics.git",
      "state" : {
        "revision" : "0a5bc04095a675662cf24757cc0640aa2204253b",
        "version" : "1.0.2"
      }
    },
    {
      "identity" : "swift-syntax",
      "kind" : "remoteSourceControl",
      "location" : "https://github.com/apple/swift-syntax.git",
      "state" : {
        "revision" : "74203046135342e4a4a627476dd6caf8b28fe11b",
        "version" : "509.0.0"
      }
    },
    {
      "identity" : "swift-system",
      "kind" : "remoteSourceControl",
      "location" : "https://github.com/apple/swift-system.git",
      "state" : {
        "revision" : "6a9e38e7bd22a3b8ba80bddf395623cf68f57807",
        "version" : "1.3.1"
      }
    },
    {
      "identity" : "swiftusd",
      "kind" : "remoteSourceControl",
      "location" : "https://github.com/wabiverse/SwiftUSD.git",
      "state" : {
        "revision" : "4bff55bea032f716c378d6973053598b145609c0",
        "version" : "23.11.40"
      }
    },
    {
      "identity" : "vapor",
      "kind" : "remoteSourceControl",
      "location" : "https://github.com/vapor/vapor.git",
      "state" : {
        "revision" : "ebbe71c89aa1b76a0920277760b12be7a2ec7c70",
        "version" : "4.102.0"
      }
    },
    {
      "identity" : "version",
      "kind" : "remoteSourceControl",
      "location" : "https://github.com/mxcl/Version.git",
      "state" : {
        "revision" : "1fe824b80d89201652e7eca7c9252269a1d85e25",
        "version" : "2.0.1"
      }
    },
    {
      "identity" : "websocket-kit",
      "kind" : "remoteSourceControl",
      "location" : "https://github.com/vapor/websocket-kit.git",
      "state" : {
        "revision" : "4232d34efa49f633ba61afde365d3896fc7f8740",
        "version" : "2.15.0"
      }
    }
  ],
  "version" : 3
}
